
Microsoft Visual Studio Solution File, Format Version 12.00
# Visual Studio 15
VisualStudioVersion = 15.0.26430.16
MinimumVisualStudioVersion = 10.0.40219.1
Project("{FAE04EC0-301F-11D3-BF4B-00C04F79EFBC}") = "PersonApp1", "ConsoleApp1\PersonApp1.csproj", "{AFA7516F-5A9B-4C58-9122-B7A8D43F68E3}"
EndProject
Project("{FAE04EC0-301F-11D3-BF4B-00C04F79EFBC}") = "Teht1", "Teht1\Teht1.csproj", "{8C6BF5EC-FA7A-4B89-B032-553959E5A5BD}"
EndProject
Global
	GlobalSection(SolutionConfigurationPlatforms) = preSolution
		Debug|Any CPU = Debug|Any CPU
		Release|Any CPU = Release|Any CPU
	EndGlobalSection
	GlobalSection(ProjectConfigurationPlatforms) = postSolution
		{AFA7516F-5A9B-4C58-9122-B7A8D43F68E3}.Debug|Any CPU.ActiveCfg = Debug|Any CPU
		{AFA7516F-5A9B-4C58-9122-B7A8D43F68E3}.Debug|Any CPU.Build.0 = Debug|Any CPU
		{AFA7516F-5A9B-4C58-9122-B7A8D43F68E3}.Release|Any CPU.ActiveCfg = Release|Any CPU
		{AFA7516F-5A9B-4C58-9122-B7A8D43F68E3}.Release|Any CPU.Build.0 = Release|Any CPU
		{8C6BF5EC-FA7A-4B89-B032-553959E5A5BD}.Debug|Any CPU.ActiveCfg = Debug|Any CPU
		{8C6BF5EC-FA7A-4B89-B032-553959E5A5BD}.Debug|Any CPU.Build.0 = Debug|Any CPU
		{8C6BF5EC-FA7A-4B89-B032-553959E5A5BD}.Release|Any CPU.ActiveCfg = Release|Any CPU
		{8C6BF5EC-FA7A-4B89-B032-553959E5A5BD}.Release|Any CPU.Build.0 = Release|Any CPU
	EndGlobalSection
	GlobalSection(SolutionProperties) = preSolution
		HideSolutionNode = FALSE
	EndGlobalSection
EndGlobal
